// !$*UTF8*$!
{
	archiveVersion = 1;
	classes = {
	};
	objectVersion = 52;
	objects = {

/* Begin PBXBuildFile section */
		036ED81024DDD7F2004920E2 /* Template.txt in Resources */ = {isa = PBXBuildFile; fileRef = 036ED80F24DDD7F2004920E2 /* Template.txt */; };
		03C58D9D24D1F38200031D38 /* AppDelegate.swift in Sources */ = {isa = PBXBuildFile; fileRef = 03C58D9C24D1F38200031D38 /* AppDelegate.swift */; };
		03C58D9F24D1F4C400031D38 /* Main.storyboard in Resources */ = {isa = PBXBuildFile; fileRef = 03C58D9E24D1F4C400031D38 /* Main.storyboard */; };
		03C58DA224D48EFB00031D38 /* HeaderTemplate.txt in Resources */ = {isa = PBXBuildFile; fileRef = 03C58DA124D48EFB00031D38 /* HeaderTemplate.txt */; };
		03C58DA424D48F0500031D38 /* ElementTemplate.txt in Resources */ = {isa = PBXBuildFile; fileRef = 03C58DA324D48F0500031D38 /* ElementTemplate.txt */; };
		03C58DA624D48FAD00031D38 /* ResXFileCodeGenerator.swift in Sources */ = {isa = PBXBuildFile; fileRef = 03C58DA524D48FAD00031D38 /* ResXFileCodeGenerator.swift */; };
		03C58DAA24D4C08500031D38 /* UIExtensions.swift in Sources */ = {isa = PBXBuildFile; fileRef = 03C58DA924D4C08500031D38 /* UIExtensions.swift */; };
		370E9F4B24C3F81D00D1D363 /* Assets.xcassets in Resources */ = {isa = PBXBuildFile; fileRef = 370E9F4A24C3F81D00D1D363 /* Assets.xcassets */; };
		370E9F4E24C3F81D00D1D363 /* Preview Assets.xcassets in Resources */ = {isa = PBXBuildFile; fileRef = 370E9F4D24C3F81D00D1D363 /* Preview Assets.xcassets */; };
		370E9F7324C3F8C300D1D363 /* ResourceRow.swift in Sources */ = {isa = PBXBuildFile; fileRef = 370E9F7224C3F8C300D1D363 /* ResourceRow.swift */; };
		3714503124D742C700154C32 /* ResourceColumn.swift in Sources */ = {isa = PBXBuildFile; fileRef = 3714503024D742C700154C32 /* ResourceColumn.swift */; };
		3768363E24C87D6F0052FAD5 /* Files in Frameworks */ = {isa = PBXBuildFile; productRef = 3768363D24C87D6F0052FAD5 /* Files */; };
		379792A424C49B5100AA9DB0 /* FileUtil.swift in Sources */ = {isa = PBXBuildFile; fileRef = 379792A324C49B5100AA9DB0 /* FileUtil.swift */; };
		379792AA24C4A04D00AA9DB0 /* AEXML in Frameworks */ = {isa = PBXBuildFile; productRef = 379792A924C4A04D00AA9DB0 /* AEXML */; };
		37A6B21A24C3FD4500AEEBA7 /* ResourceEntry.swift in Sources */ = {isa = PBXBuildFile; fileRef = 37A6B21924C3FD4500AEEBA7 /* ResourceEntry.swift */; };
		37AFE24724D5EA8800960984 /* Language.swift in Sources */ = {isa = PBXBuildFile; fileRef = 37AFE24624D5EA8800960984 /* Language.swift */; };
		37AFE24924D5EABA00960984 /* LanguageResource.swift in Sources */ = {isa = PBXBuildFile; fileRef = 37AFE24824D5EABA00960984 /* LanguageResource.swift */; };
		37AFE24B24D622D800960984 /* AppData.swift in Sources */ = {isa = PBXBuildFile; fileRef = 37AFE24A24D622D800960984 /* AppData.swift */; };
		37AFE24D24D6245B00960984 /* EditorView.swift in Sources */ = {isa = PBXBuildFile; fileRef = 37AFE24C24D6245B00960984 /* EditorView.swift */; };
		37CF55D524CCC27C00513FD6 /* MainView.swift in Sources */ = {isa = PBXBuildFile; fileRef = 37CF55D424CCC27C00513FD6 /* MainView.swift */; };
		37DE78A724C8011400738B15 /* ResGenUtility.swift in Sources */ = {isa = PBXBuildFile; fileRef = 37DE78A624C8011400738B15 /* ResGenUtility.swift */; };
		37DE78AA24C803F500738B15 /* ShellOut in Frameworks */ = {isa = PBXBuildFile; productRef = 37DE78A924C803F500738B15 /* ShellOut */; };
/* End PBXBuildFile section */

/* Begin PBXFileReference section */
		036ED80F24DDD7F2004920E2 /* Template.txt */ = {isa = PBXFileReference; lastKnownFileType = text; name = Template.txt; path = Rexedit/Templates/Template.txt; sourceTree = SOURCE_ROOT; };
		03C58D9C24D1F38200031D38 /* AppDelegate.swift */ = {isa = PBXFileReference; lastKnownFileType = sourcecode.swift; name = AppDelegate.swift; path = RexEdit/AppDelegate.swift; sourceTree = SOURCE_ROOT; };
		03C58D9E24D1F4C400031D38 /* Main.storyboard */ = {isa = PBXFileReference; lastKnownFileType = file.storyboard; name = Main.storyboard; path = RexEdit/Main.storyboard; sourceTree = SOURCE_ROOT; };
		03C58DA124D48EFB00031D38 /* HeaderTemplate.txt */ = {isa = PBXFileReference; lastKnownFileType = text; name = HeaderTemplate.txt; path = RexEdit/Templates/HeaderTemplate.txt; sourceTree = SOURCE_ROOT; };
		03C58DA324D48F0500031D38 /* ElementTemplate.txt */ = {isa = PBXFileReference; lastKnownFileType = text; name = ElementTemplate.txt; path = RexEdit/Templates/ElementTemplate.txt; sourceTree = SOURCE_ROOT; };
		03C58DA524D48FAD00031D38 /* ResXFileCodeGenerator.swift */ = {isa = PBXFileReference; lastKnownFileType = sourcecode.swift; name = ResXFileCodeGenerator.swift; path = RexEdit/Services/ResXFileCodeGenerator.swift; sourceTree = SOURCE_ROOT; };
		03C58DA924D4C08500031D38 /* UIExtensions.swift */ = {isa = PBXFileReference; lastKnownFileType = sourcecode.swift; name = UIExtensions.swift; path = RexEdit/Extensions/UIExtensions.swift; sourceTree = SOURCE_ROOT; };
		370E9F4324C3F81C00D1D363 /* RexEdit.app */ = {isa = PBXFileReference; explicitFileType = wrapper.application; includeInIndex = 0; path = RexEdit.app; sourceTree = BUILT_PRODUCTS_DIR; };
		370E9F4A24C3F81D00D1D363 /* Assets.xcassets */ = {isa = PBXFileReference; lastKnownFileType = folder.assetcatalog; path = Assets.xcassets; sourceTree = "<group>"; };
		370E9F4D24C3F81D00D1D363 /* Preview Assets.xcassets */ = {isa = PBXFileReference; lastKnownFileType = folder.assetcatalog; path = "Preview Assets.xcassets"; sourceTree = "<group>"; };
		370E9F4F24C3F81D00D1D363 /* Info.plist */ = {isa = PBXFileReference; lastKnownFileType = text.plist.xml; path = Info.plist; sourceTree = "<group>"; };
		370E9F5024C3F81D00D1D363 /* RexEdit.entitlements */ = {isa = PBXFileReference; lastKnownFileType = text.plist.entitlements; path = RexEdit.entitlements; sourceTree = "<group>"; };
		370E9F7224C3F8C300D1D363 /* ResourceRow.swift */ = {isa = PBXFileReference; lastKnownFileType = sourcecode.swift; path = ResourceRow.swift; sourceTree = "<group>"; };
		3714503024D742C700154C32 /* ResourceColumn.swift */ = {isa = PBXFileReference; lastKnownFileType = sourcecode.swift; path = ResourceColumn.swift; sourceTree = "<group>"; };
		379792A324C49B5100AA9DB0 /* FileUtil.swift */ = {isa = PBXFileReference; lastKnownFileType = sourcecode.swift; path = FileUtil.swift; sourceTree = "<group>"; };
		37A6B21924C3FD4500AEEBA7 /* ResourceEntry.swift */ = {isa = PBXFileReference; lastKnownFileType = sourcecode.swift; path = ResourceEntry.swift; sourceTree = "<group>"; };
		37AFE24624D5EA8800960984 /* Language.swift */ = {isa = PBXFileReference; lastKnownFileType = sourcecode.swift; path = Language.swift; sourceTree = "<group>"; };
		37AFE24824D5EABA00960984 /* LanguageResource.swift */ = {isa = PBXFileReference; lastKnownFileType = sourcecode.swift; path = LanguageResource.swift; sourceTree = "<group>"; };
		37AFE24A24D622D800960984 /* AppData.swift */ = {isa = PBXFileReference; lastKnownFileType = sourcecode.swift; path = AppData.swift; sourceTree = "<group>"; };
		37AFE24C24D6245B00960984 /* EditorView.swift */ = {isa = PBXFileReference; lastKnownFileType = sourcecode.swift; path = EditorView.swift; sourceTree = "<group>"; };
		37CF55D424CCC27C00513FD6 /* MainView.swift */ = {isa = PBXFileReference; lastKnownFileType = sourcecode.swift; name = MainView.swift; path = RexEdit/MainView.swift; sourceTree = SOURCE_ROOT; };
		37DE78A624C8011400738B15 /* ResGenUtility.swift */ = {isa = PBXFileReference; lastKnownFileType = sourcecode.swift; path = ResGenUtility.swift; sourceTree = "<group>"; };
/* End PBXFileReference section */

/* Begin PBXFrameworksBuildPhase section */
		370E9F4024C3F81C00D1D363 /* Frameworks */ = {
			isa = PBXFrameworksBuildPhase;
			buildActionMask = 2147483647;
			files = (
				3768363E24C87D6F0052FAD5 /* Files in Frameworks */,
				37DE78AA24C803F500738B15 /* ShellOut in Frameworks */,
				379792AA24C4A04D00AA9DB0 /* AEXML in Frameworks */,
			);
			runOnlyForDeploymentPostprocessing = 0;
		};
/* End PBXFrameworksBuildPhase section */

/* Begin PBXGroup section */
		03C58DA024D48ED300031D38 /* Templates */ = {
			isa = PBXGroup;
			children = (
				03C58DA124D48EFB00031D38 /* HeaderTemplate.txt */,
				03C58DA324D48F0500031D38 /* ElementTemplate.txt */,
				036ED80F24DDD7F2004920E2 /* Template.txt */,
			);
			path = Templates;
			sourceTree = "<group>";
		};
		370E9F3A24C3F81C00D1D363 = {
			isa = PBXGroup;
			children = (
				370E9F4524C3F81C00D1D363 /* RexEdit */,
				370E9F4424C3F81C00D1D363 /* Products */,
			);
			sourceTree = "<group>";
		};
		370E9F4424C3F81C00D1D363 /* Products */ = {
			isa = PBXGroup;
			children = (
				370E9F4324C3F81C00D1D363 /* RexEdit.app */,
			);
			name = Products;
			sourceTree = "<group>";
		};
		370E9F4524C3F81C00D1D363 /* RexEdit */ = {
			isa = PBXGroup;
			children = (
				03C58DA024D48ED300031D38 /* Templates */,
				377EFE0924CDD97400A05D24 /* Extensions */,
				370E9F4C24C3F81D00D1D363 /* Preview Content */,
				370E9F5024C3F81D00D1D363 /* RexEdit.entitlements */,
				370E9F4F24C3F81D00D1D363 /* Info.plist */,
				370E9F4A24C3F81D00D1D363 /* Assets.xcassets */,
				37A6B23C24C40E2700AEEBA7 /* Data */,
				37A6B21824C3FD2D00AEEBA7 /* Models */,
				379792A224C49B3E00AA9DB0 /* Services */,
				370E9F7424C3FBA400D1D363 /* SupportingViews */,
				37CF55D424CCC27C00513FD6 /* MainView.swift */,
				03C58D9C24D1F38200031D38 /* AppDelegate.swift */,
				03C58D9E24D1F4C400031D38 /* Main.storyboard */,
			);
			path = RexEdit;
			sourceTree = "<group>";
		};
		370E9F4C24C3F81D00D1D363 /* Preview Content */ = {
			isa = PBXGroup;
			children = (
				370E9F4D24C3F81D00D1D363 /* Preview Assets.xcassets */,
			);
			path = "Preview Content";
			sourceTree = "<group>";
		};
		370E9F7424C3FBA400D1D363 /* SupportingViews */ = {
			isa = PBXGroup;
			children = (
				370E9F7224C3F8C300D1D363 /* ResourceRow.swift */,
				37AFE24C24D6245B00960984 /* EditorView.swift */,
				3714503024D742C700154C32 /* ResourceColumn.swift */,
			);
			path = SupportingViews;
			sourceTree = "<group>";
		};
		377EFE0924CDD97400A05D24 /* Extensions */ = {
			isa = PBXGroup;
			children = (
				03C58DA924D4C08500031D38 /* UIExtensions.swift */,
			);
			path = Extensions;
			sourceTree = "<group>";
		};
		379792A224C49B3E00AA9DB0 /* Services */ = {
			isa = PBXGroup;
			children = (
				379792A324C49B5100AA9DB0 /* FileUtil.swift */,
				37DE78A624C8011400738B15 /* ResGenUtility.swift */,
				03C58DA524D48FAD00031D38 /* ResXFileCodeGenerator.swift */,
			);
			path = Services;
			sourceTree = "<group>";
		};
		37A6B21824C3FD2D00AEEBA7 /* Models */ = {
			isa = PBXGroup;
			children = (
				37A6B21924C3FD4500AEEBA7 /* ResourceEntry.swift */,
				37AFE24624D5EA8800960984 /* Language.swift */,
				37AFE24824D5EABA00960984 /* LanguageResource.swift */,
			);
			path = Models;
			sourceTree = "<group>";
		};
		37A6B23C24C40E2700AEEBA7 /* Data */ = {
			isa = PBXGroup;
			children = (
				37AFE24A24D622D800960984 /* AppData.swift */,
			);
			path = Data;
			sourceTree = "<group>";
		};
/* End PBXGroup section */

/* Begin PBXNativeTarget section */
		370E9F4224C3F81C00D1D363 /* RexEdit */ = {
			isa = PBXNativeTarget;
			buildConfigurationList = 370E9F6924C3F81D00D1D363 /* Build configuration list for PBXNativeTarget "RexEdit" */;
			buildPhases = (
				370E9F3F24C3F81C00D1D363 /* Sources */,
				370E9F4024C3F81C00D1D363 /* Frameworks */,
				370E9F4124C3F81C00D1D363 /* Resources */,
			);
			buildRules = (
			);
			dependencies = (
			);
			name = RexEdit;
			packageProductDependencies = (
				379792A924C4A04D00AA9DB0 /* AEXML */,
				37DE78A924C803F500738B15 /* ShellOut */,
				3768363D24C87D6F0052FAD5 /* Files */,
			);
			productName = RexEdit;
			productReference = 370E9F4324C3F81C00D1D363 /* RexEdit.app */;
			productType = "com.apple.product-type.application";
		};
/* End PBXNativeTarget section */

/* Begin PBXProject section */
		370E9F3B24C3F81C00D1D363 /* Project object */ = {
			isa = PBXProject;
			attributes = {
				LastSwiftUpdateCheck = 1200;
				LastUpgradeCheck = 1200;
				TargetAttributes = {
					370E9F4224C3F81C00D1D363 = {
						CreatedOnToolsVersion = 12.0;
						LastSwiftMigration = 1200;
					};
				};
			};
			buildConfigurationList = 370E9F3E24C3F81C00D1D363 /* Build configuration list for PBXProject "RexEdit" */;
			compatibilityVersion = "Xcode 9.3";
			developmentRegion = en;
			hasScannedForEncodings = 0;
			knownRegions = (
				en,
				Base,
			);
			mainGroup = 370E9F3A24C3F81C00D1D363;
			packageReferences = (
				379792A824C4A04D00AA9DB0 /* XCRemoteSwiftPackageReference "AEXML" */,
				37DE78A824C803F500738B15 /* XCRemoteSwiftPackageReference "ShellOut" */,
				3768363C24C87D6F0052FAD5 /* XCRemoteSwiftPackageReference "Files" */,
			);
			productRefGroup = 370E9F4424C3F81C00D1D363 /* Products */;
			projectDirPath = "";
			projectRoot = "";
			targets = (
				370E9F4224C3F81C00D1D363 /* RexEdit */,
			);
		};
/* End PBXProject section */

/* Begin PBXResourcesBuildPhase section */
		370E9F4124C3F81C00D1D363 /* Resources */ = {
			isa = PBXResourcesBuildPhase;
			buildActionMask = 2147483647;
			files = (
				036ED81024DDD7F2004920E2 /* Template.txt in Resources */,
				03C58D9F24D1F4C400031D38 /* Main.storyboard in Resources */,
				03C58DA224D48EFB00031D38 /* HeaderTemplate.txt in Resources */,
				03C58DA424D48F0500031D38 /* ElementTemplate.txt in Resources */,
				370E9F4E24C3F81D00D1D363 /* Preview Assets.xcassets in Resources */,
				370E9F4B24C3F81D00D1D363 /* Assets.xcassets in Resources */,
			);
			runOnlyForDeploymentPostprocessing = 0;
		};
/* End PBXResourcesBuildPhase section */

/* Begin PBXSourcesBuildPhase section */
		370E9F3F24C3F81C00D1D363 /* Sources */ = {
			isa = PBXSourcesBuildPhase;
			buildActionMask = 2147483647;
			files = (
				03C58D9D24D1F38200031D38 /* AppDelegate.swift in Sources */,
				379792A424C49B5100AA9DB0 /* FileUtil.swift in Sources */,
				03C58DAA24D4C08500031D38 /* UIExtensions.swift in Sources */,
				03C58DA624D48FAD00031D38 /* ResXFileCodeGenerator.swift in Sources */,
				37CF55D524CCC27C00513FD6 /* MainView.swift in Sources */,
				370E9F7324C3F8C300D1D363 /* ResourceRow.swift in Sources */,
				37A6B21A24C3FD4500AEEBA7 /* ResourceEntry.swift in Sources */,
				37AFE24924D5EABA00960984 /* LanguageResource.swift in Sources */,
				37AFE24D24D6245B00960984 /* EditorView.swift in Sources */,
				37AFE24724D5EA8800960984 /* Language.swift in Sources */,
				3714503124D742C700154C32 /* ResourceColumn.swift in Sources */,
				37DE78A724C8011400738B15 /* ResGenUtility.swift in Sources */,
				37AFE24B24D622D800960984 /* AppData.swift in Sources */,
			);
			runOnlyForDeploymentPostprocessing = 0;
		};
/* End PBXSourcesBuildPhase section */

/* Begin XCBuildConfiguration section */
		370E9F6724C3F81D00D1D363 /* Debug */ = {
			isa = XCBuildConfiguration;
			buildSettings = {
				ALWAYS_SEARCH_USER_PATHS = NO;
				CLANG_ANALYZER_NONNULL = YES;
				CLANG_ANALYZER_NUMBER_OBJECT_CONVERSION = YES_AGGRESSIVE;
				CLANG_CXX_LANGUAGE_STANDARD = "gnu++14";
				CLANG_CXX_LIBRARY = "libc++";
				CLANG_ENABLE_MODULES = YES;
				CLANG_ENABLE_OBJC_ARC = YES;
				CLANG_ENABLE_OBJC_WEAK = YES;
				CLANG_WARN_BLOCK_CAPTURE_AUTORELEASING = YES;
				CLANG_WARN_BOOL_CONVERSION = YES;
				CLANG_WARN_COMMA = YES;
				CLANG_WARN_CONSTANT_CONVERSION = YES;
				CLANG_WARN_DEPRECATED_OBJC_IMPLEMENTATIONS = YES;
				CLANG_WARN_DIRECT_OBJC_ISA_USAGE = YES_ERROR;
				CLANG_WARN_DOCUMENTATION_COMMENTS = YES;
				CLANG_WARN_EMPTY_BODY = YES;
				CLANG_WARN_ENUM_CONVERSION = YES;
				CLANG_WARN_INFINITE_RECURSION = YES;
				CLANG_WARN_INT_CONVERSION = YES;
				CLANG_WARN_NON_LITERAL_NULL_CONVERSION = YES;
				CLANG_WARN_OBJC_IMPLICIT_RETAIN_SELF = YES;
				CLANG_WARN_OBJC_LITERAL_CONVERSION = YES;
				CLANG_WARN_OBJC_ROOT_CLASS = YES_ERROR;
				CLANG_WARN_QUOTED_INCLUDE_IN_FRAMEWORK_HEADER = YES;
				CLANG_WARN_RANGE_LOOP_ANALYSIS = YES;
				CLANG_WARN_STRICT_PROTOTYPES = YES;
				CLANG_WARN_SUSPICIOUS_MOVE = YES;
				CLANG_WARN_UNGUARDED_AVAILABILITY = YES_AGGRESSIVE;
				CLANG_WARN_UNREACHABLE_CODE = YES;
				CLANG_WARN__DUPLICATE_METHOD_MATCH = YES;
				COPY_PHASE_STRIP = NO;
				DEBUG_INFORMATION_FORMAT = dwarf;
				ENABLE_STRICT_OBJC_MSGSEND = YES;
				ENABLE_TESTABILITY = YES;
				GCC_C_LANGUAGE_STANDARD = gnu11;
				GCC_DYNAMIC_NO_PIC = NO;
				GCC_NO_COMMON_BLOCKS = YES;
				GCC_OPTIMIZATION_LEVEL = 0;
				GCC_PREPROCESSOR_DEFINITIONS = (
					"DEBUG=1",
					"$(inherited)",
				);
				GCC_WARN_64_TO_32_BIT_CONVERSION = YES;
				GCC_WARN_ABOUT_RETURN_TYPE = YES_ERROR;
				GCC_WARN_UNDECLARED_SELECTOR = YES;
				GCC_WARN_UNINITIALIZED_AUTOS = YES_AGGRESSIVE;
				GCC_WARN_UNUSED_FUNCTION = YES;
				GCC_WARN_UNUSED_VARIABLE = YES;
				MACOSX_DEPLOYMENT_TARGET = 10.16;
				MTL_ENABLE_DEBUG_INFO = INCLUDE_SOURCE;
				MTL_FAST_MATH = YES;
				ONLY_ACTIVE_ARCH = YES;
				SDKROOT = macosx;
				SWIFT_ACTIVE_COMPILATION_CONDITIONS = DEBUG;
				SWIFT_OPTIMIZATION_LEVEL = "-Onone";
			};
			name = Debug;
		};
		370E9F6824C3F81D00D1D363 /* Release */ = {
			isa = XCBuildConfiguration;
			buildSettings = {
				ALWAYS_SEARCH_USER_PATHS = NO;
				CLANG_ANALYZER_NONNULL = YES;
				CLANG_ANALYZER_NUMBER_OBJECT_CONVERSION = YES_AGGRESSIVE;
				CLANG_CXX_LANGUAGE_STANDARD = "gnu++14";
				CLANG_CXX_LIBRARY = "libc++";
				CLANG_ENABLE_MODULES = YES;
				CLANG_ENABLE_OBJC_ARC = YES;
				CLANG_ENABLE_OBJC_WEAK = YES;
				CLANG_WARN_BLOCK_CAPTURE_AUTORELEASING = YES;
				CLANG_WARN_BOOL_CONVERSION = YES;
				CLANG_WARN_COMMA = YES;
				CLANG_WARN_CONSTANT_CONVERSION = YES;
				CLANG_WARN_DEPRECATED_OBJC_IMPLEMENTATIONS = YES;
				CLANG_WARN_DIRECT_OBJC_ISA_USAGE = YES_ERROR;
				CLANG_WARN_DOCUMENTATION_COMMENTS = YES;
				CLANG_WARN_EMPTY_BODY = YES;
				CLANG_WARN_ENUM_CONVERSION = YES;
				CLANG_WARN_INFINITE_RECURSION = YES;
				CLANG_WARN_INT_CONVERSION = YES;
				CLANG_WARN_NON_LITERAL_NULL_CONVERSION = YES;
				CLANG_WARN_OBJC_IMPLICIT_RETAIN_SELF = YES;
				CLANG_WARN_OBJC_LITERAL_CONVERSION = YES;
				CLANG_WARN_OBJC_ROOT_CLASS = YES_ERROR;
				CLANG_WARN_QUOTED_INCLUDE_IN_FRAMEWORK_HEADER = YES;
				CLANG_WARN_RANGE_LOOP_ANALYSIS = YES;
				CLANG_WARN_STRICT_PROTOTYPES = YES;
				CLANG_WARN_SUSPICIOUS_MOVE = YES;
				CLANG_WARN_UNGUARDED_AVAILABILITY = YES_AGGRESSIVE;
				CLANG_WARN_UNREACHABLE_CODE = YES;
				CLANG_WARN__DUPLICATE_METHOD_MATCH = YES;
				COPY_PHASE_STRIP = NO;
				DEBUG_INFORMATION_FORMAT = "dwarf-with-dsym";
				ENABLE_NS_ASSERTIONS = NO;
				ENABLE_STRICT_OBJC_MSGSEND = YES;
				GCC_C_LANGUAGE_STANDARD = gnu11;
				GCC_NO_COMMON_BLOCKS = YES;
				GCC_WARN_64_TO_32_BIT_CONVERSION = YES;
				GCC_WARN_ABOUT_RETURN_TYPE = YES_ERROR;
				GCC_WARN_UNDECLARED_SELECTOR = YES;
				GCC_WARN_UNINITIALIZED_AUTOS = YES_AGGRESSIVE;
				GCC_WARN_UNUSED_FUNCTION = YES;
				GCC_WARN_UNUSED_VARIABLE = YES;
				MACOSX_DEPLOYMENT_TARGET = 10.16;
				MTL_ENABLE_DEBUG_INFO = NO;
				MTL_FAST_MATH = YES;
				SDKROOT = macosx;
				SWIFT_COMPILATION_MODE = wholemodule;
				SWIFT_OPTIMIZATION_LEVEL = "-O";
			};
			name = Release;
		};
		370E9F6A24C3F81D00D1D363 /* Debug */ = {
			isa = XCBuildConfiguration;
			buildSettings = {
				ASSETCATALOG_COMPILER_APPICON_NAME = AppIcon;
				ASSETCATALOG_COMPILER_GLOBAL_ACCENT_COLOR_NAME = AccentColor;
				CODE_SIGN_ENTITLEMENTS = RexEdit/RexEdit.entitlements;
				CODE_SIGN_STYLE = Automatic;
				COMBINE_HIDPI_IMAGES = YES;
				DEVELOPMENT_ASSET_PATHS = "\"RexEdit/Preview Content\"";
				DEVELOPMENT_TEAM = 2M498ARC87;
				ENABLE_HARDENED_RUNTIME = YES;
				ENABLE_PREVIEWS = YES;
				INFOPLIST_FILE = RexEdit/Info.plist;
				LD_RUNPATH_SEARCH_PATHS = (
					"$(inherited)",
					"@executable_path/../Frameworks",
				);
				MACOSX_DEPLOYMENT_TARGET = 10.15;
				PRODUCT_BUNDLE_IDENTIFIER = com.dmcdev.RexEdit;
				PRODUCT_NAME = "$(TARGET_NAME)";
				SDKROOT = macosx;
				SWIFT_VERSION = 5.0;
			};
			name = Debug;
		};
		370E9F6B24C3F81D00D1D363 /* Release */ = {
			isa = XCBuildConfiguration;
			buildSettings = {
				ASSETCATALOG_COMPILER_APPICON_NAME = AppIcon;
				ASSETCATALOG_COMPILER_GLOBAL_ACCENT_COLOR_NAME = AccentColor;
				CODE_SIGN_ENTITLEMENTS = RexEdit/RexEdit.entitlements;
				CODE_SIGN_STYLE = Automatic;
				COMBINE_HIDPI_IMAGES = YES;
				DEVELOPMENT_ASSET_PATHS = "\"RexEdit/Preview Content\"";
				DEVELOPMENT_TEAM = 2M498ARC87;
				ENABLE_HARDENED_RUNTIME = YES;
				ENABLE_PREVIEWS = YES;
				INFOPLIST_FILE = RexEdit/Info.plist;
				LD_RUNPATH_SEARCH_PATHS = (
					"$(inherited)",
					"@executable_path/../Frameworks",
				);
				MACOSX_DEPLOYMENT_TARGET = 10.15;
				PRODUCT_BUNDLE_IDENTIFIER = com.dmcdev.RexEdit;
				PRODUCT_NAME = "$(TARGET_NAME)";
				SDKROOT = macosx;
				SWIFT_VERSION = 5.0;
			};
			name = Release;
		};
/* End XCBuildConfiguration section */

/* Begin XCConfigurationList section */
		370E9F3E24C3F81C00D1D363 /* Build configuration list for PBXProject "RexEdit" */ = {
			isa = XCConfigurationList;
			buildConfigurations = (
				370E9F6724C3F81D00D1D363 /* Debug */,
				370E9F6824C3F81D00D1D363 /* Release */,
			);
			defaultConfigurationIsVisible = 0;
			defaultConfigurationName = Release;
		};
		370E9F6924C3F81D00D1D363 /* Build configuration list for PBXNativeTarget "RexEdit" */ = {
			isa = XCConfigurationList;
			buildConfigurations = (
				370E9F6A24C3F81D00D1D363 /* Debug */,
				370E9F6B24C3F81D00D1D363 /* Release */,
			);
			defaultConfigurationIsVisible = 0;
			defaultConfigurationName = Release;
		};
/* End XCConfigurationList section */

/* Begin XCRemoteSwiftPackageReference section */
		3768363C24C87D6F0052FAD5 /* XCRemoteSwiftPackageReference "Files" */ = {
			isa = XCRemoteSwiftPackageReference;
			repositoryURL = "https://github.com/JohnSundell/Files";
			requirement = {
				kind = upToNextMajorVersion;
				minimumVersion = 4.1.1;
			};
		};
		379792A824C4A04D00AA9DB0 /* XCRemoteSwiftPackageReference "AEXML" */ = {
			isa = XCRemoteSwiftPackageReference;
			repositoryURL = "https://github.com/tadija/AEXML.git";
			requirement = {
				kind = upToNextMajorVersion;
				minimumVersion = 4.5.0;
			};
		};
		37DE78A824C803F500738B15 /* XCRemoteSwiftPackageReference "ShellOut" */ = {
			isa = XCRemoteSwiftPackageReference;
			repositoryURL = "https://github.com/JohnSundell/ShellOut.git";
			requirement = {
				kind = upToNextMajorVersion;
				minimumVersion = 2.3.0;
			};
		};
/* End XCRemoteSwiftPackageReference section */

/* Begin XCSwiftPackageProductDependency section */
		3768363D24C87D6F0052FAD5 /* Files */ = {
			isa = XCSwiftPackageProductDependency;
			package = 3768363C24C87D6F0052FAD5 /* XCRemoteSwiftPackageReference "Files" */;
			productName = Files;
		};
		379792A924C4A04D00AA9DB0 /* AEXML */ = {
			isa = XCSwiftPackageProductDependency;
			package = 379792A824C4A04D00AA9DB0 /* XCRemoteSwiftPackageReference "AEXML" */;
			productName = AEXML;
		};
		37DE78A924C803F500738B15 /* ShellOut */ = {
			isa = XCSwiftPackageProductDependency;
			package = 37DE78A824C803F500738B15 /* XCRemoteSwiftPackageReference "ShellOut" */;
			productName = ShellOut;
		};
/* End XCSwiftPackageProductDependency section */
	};
	rootObject = 370E9F3B24C3F81C00D1D363 /* Project object */;
}
